
Microsoft Visual Studio Solution File, Format Version 12.00
# Visual Studio Version 16
VisualStudioVersion = 16.0.29001.49
MinimumVisualStudioVersion = 10.0.40219.1
Project("{FAE04EC0-301F-11D3-BF4B-00C04F79EFBC}") = "Toolkit - ChannelPoints - 1.1", "Source\Toolkit - ChannelPoints - 1.1.csproj", "{31594B9F-1F45-44B3-959E-F155EAADFEEF}"
EndProject
Global
	GlobalSection(SolutionConfigurationPlatforms) = preSolution
		Debug|Any CPU = Debug|Any CPU
		Release|Any CPU = Release|Any CPU
	EndGlobalSection
	GlobalSection(ProjectConfigurationPlatforms) = postSolution
		{31594B9F-1F45-44B3-959E-F155EAADFEEF}.Debug|Any CPU.ActiveCfg = Debug|Any CPU
		{31594B9F-1F45-44B3-959E-F155EAADFEEF}.Debug|Any CPU.Build.0 = Debug|Any CPU
		{31594B9F-1F45-44B3-959E-F155EAADFEEF}.Release|Any CPU.ActiveCfg = Release|Any CPU
		{31594B9F-1F45-44B3-959E-F155EAADFEEF}.Release|Any CPU.Build.0 = Release|Any CPU
	EndGlobalSection
	GlobalSection(SolutionProperties) = preSolution
		HideSolutionNode = FALSE
	EndGlobalSection
	GlobalSection(ExtensibilityGlobals) = postSolution
		SolutionGuid = {A076A513-9E3D-4095-bE3F-F75B7DE0D941}
	EndGlobalSection
EndGlobal
